<?xml version="1.0" encoding="utf-8"?>
<Project ToolsVersion="4.0" xmlns="http://schemas.microsoft.com/developer/msbuild/2003">
  <ItemGroup>
    <Filter Include="Source Files">
      <UniqueIdentifier>{4FC737F1-C7A5-4376-A066-2A32D752A2FF}</UniqueIdentifier>
      <Extensions>cpp;c;cc;cxx;c++;cppm;ixx;def;odl;idl;hpj;bat;asm;asmx</Extensions>
    </Filter>
    <Filter Include="Header Files">
      <UniqueIdentifier>{93995380-89BD-4b04-88EB-625FBE52EBFB}</UniqueIdentifier>
      <Extensions>h;hh;hpp;hxx;h++;hm;inl;inc;ipp;xsd</Extensions>
    </Filter>
    <Filter Include="Resource Files">
      <UniqueIdentifier>{67DA6AB6-F800-4c08-8B7A-83BB121AAD01}</UniqueIdentifier>
      <Extensions>rc;ico;cur;bmp;dlg;rc2;rct;bin;rgs;gif;jpg;jpeg;jpe;resx;tiff;tif;png;wav;mfcribbon-ms</Extensions>
    </Filter>
    <Filter Include="Header Files\Network">
      <UniqueIdentifier>{0ad23db1-a994-4c0b-b9ef-0fe298f6895c}</UniqueIdentifier>
    </Filter>
    <Filter Include="Header Files\Audio">
      <UniqueIdentifier>{f280d87d-9b6d-47ff-ad92-6c04c73e4bd5}</UniqueIdentifier>
    </Filter>
    <Filter Include="Source Files\Network">
      <UniqueIdentifier>{1775683c-62d1-4290-99a8-f06f544e2e52}</UniqueIdentifier>
    </Filter>
    <Filter Include="Source Files\Audio">
      <UniqueIdentifier>{c510c1df-3532-4417-b882-eaf9578d8f75}</UniqueIdentifier>
    </Filter>
    <Filter Include="Header Files\UI">
      <UniqueIdentifier>{dcb7cfb4-0a8c-435b-a8d6-4b6838588c21}</UniqueIdentifier>
    </Filter>
    <Filter Include="Source Files\UI">
      <UniqueIdentifier>{24964b66-a261-4703-8817-04ef7b78de8b}</UniqueIdentifier>
    </Filter>
    <Filter Include="Header Files\Common">
      <UniqueIdentifier>{6e25c92a-b087-49bf-8964-bd8a2f2eb26b}</UniqueIdentifier>
    </Filter>
    <Filter Include="Source Files\Common">
      <UniqueIdentifier>{d5e1e905-7d21-42c3-81a6-186587794f26}</UniqueIdentifier>
    </Filter>
    <Filter Include="Header Files\Domain">
      <UniqueIdentifier>{9c279ecb-cce5-4afc-be6c-55e0ed256fae}</UniqueIdentifier>
    </Filter>
    <Filter Include="Source Files\Domain">
      <UniqueIdentifier>{30662447-749d-4ebe-82ec-31fe3f487b2c}</UniqueIdentifier>
    </Filter>
  </ItemGroup>
  <ItemGroup>
    <ClInclude Include="framework.h">
      <Filter>Header Files</Filter>
    </ClInclude>
    <ClInclude Include="targetver.h">
      <Filter>Header Files</Filter>
    </ClInclude>
    <ClInclude Include="SoundRemoteApp.h">
      <Filter>Header Files</Filter>
    </ClInclude>
    <ClInclude Include="Settings.h">
      <Filter>Header Files</Filter>
    </ClInclude>
    <ClInclude Include="ui\DeviceUIState.h">
      <Filter>Header Files\UI</Filter>
    </ClInclude>
    <ClInclude Include="ui\Controls.h">
      <Filter>Header Files\UI</Filter>
    </ClInclude>
    <ClInclude Include="ui\resources\resource.h">
      <Filter>Resource Files</Filter>
    </ClInclude>
    <ClInclude Include="audio\AudioCapture.h">
      <Filter>Header Files\Audio</Filter>
    </ClInclude>
    <ClInclude Include="audio\AudioResampler.h">
      <Filter>Header Files\Audio</Filter>
    </ClInclude>
    <ClInclude Include="audio\AudioUtil.h">
      <Filter>Header Files\Audio</Filter>
    </ClInclude>
    <ClInclude Include="audio\CapturePipe.h">
      <Filter>Header Files\Audio</Filter>
    </ClInclude>
    <ClInclude Include="audio\DeviceEventListener.h">
      <Filter>Header Files\Audio</Filter>
    </ClInclude>
    <ClInclude Include="audio\EncoderOpus.h">
      <Filter>Header Files\Audio</Filter>
    </ClInclude>
    <ClInclude Include="audio\EndpointDevice.h">
      <Filter>Header Files\Audio</Filter>
    </ClInclude>
    <ClInclude Include="network\NetDefines.h">
      <Filter>Header Files\Network</Filter>
    </ClInclude>
    <ClInclude Include="network\NetUtil.h">
      <Filter>Header Files\Network</Filter>
    </ClInclude>
    <ClInclude Include="network\Server.h">
      <Filter>Header Files\Network</Filter>
    </ClInclude>
    <ClInclude Include="network\UpdateChecker.h">
      <Filter>Header Files\Network</Filter>
    </ClInclude>
    <ClInclude Include="common\Util.h">
      <Filter>Header Files\Common</Filter>
    </ClInclude>
    <ClInclude Include="common\AppMessages.h">
      <Filter>Header Files\Common</Filter>
    </ClInclude>
    <ClInclude Include="domain\Clients.h">
      <Filter>Header Files\Domain</Filter>
    </ClInclude>
    <ClInclude Include="domain\Devices.h">
      <Filter>Header Files\Domain</Filter>
    </ClInclude>
    <ClInclude Include="domain\Keystroke.h">
      <Filter>Header Files\Domain</Filter>
    </ClInclude>
  </ItemGroup>
  <ItemGroup>
    <ClCompile Include="SoundRemoteApp.cpp">
      <Filter>Source Files</Filter>
    </ClCompile>
    <ClCompile Include="Settings.cpp">
      <Filter>Source Files</Filter>
    </ClCompile>
    <ClCompile Include="ui\Controls.cpp">
      <Filter>Source Files\UI</Filter>
    </ClCompile>
    <ClCompile Include="audio\AudioCapture.cpp">
      <Filter>Source Files\Audio</Filter>
    </ClCompile>
    <ClCompile Include="audio\AudioResampler.cpp">
      <Filter>Source Files\Audio</Filter>
    </ClCompile>
    <ClCompile Include="audio\AudioUtil.cpp">
      <Filter>Source Files\Audio</Filter>
    </ClCompile>
    <ClCompile Include="audio\CapturePipe.cpp">
      <Filter>Source Files\Audio</Filter>
    </ClCompile>
    <ClCompile Include="audio\DeviceEventListener.cpp">
      <Filter>Source Files\Audio</Filter>
    </ClCompile>
    <ClCompile Include="audio\EncoderOpus.cpp">
      <Filter>Source Files\Audio</Filter>
    </ClCompile>
    <ClCompile Include="network\NetUtil.cpp">
      <Filter>Source Files\Network</Filter>
    </ClCompile>
    <ClCompile Include="network\Server.cpp">
      <Filter>Source Files\Network</Filter>
    </ClCompile>
    <ClCompile Include="network\UpdateChecker.cpp">
      <Filter>Source Files\Network</Filter>
    </ClCompile>
    <ClCompile Include="common\Util.cpp">
      <Filter>Source Files\Common</Filter>
    </ClCompile>
    <ClCompile Include="domain\Clients.cpp">
      <Filter>Source Files\Domain</Filter>
    </ClCompile>
    <ClCompile Include="domain\Devices.cpp">
      <Filter>Source Files\Domain</Filter>
    </ClCompile>
    <ClCompile Include="domain\Keystroke.cpp">
      <Filter>Source Files\Domain</Filter>
    </ClCompile>
  </ItemGroup>
  <ItemGroup>
    <ResourceCompile Include="ui\resources\SoundRemote.rc">
      <Filter>Resource Files</Filter>
    </ResourceCompile>
  </ItemGroup>
  <ItemGroup>
    <Image Include="ui\resources\icons\sound_off.ico">
      <Filter>Resource Files</Filter>
    </Image>
    <Image Include="ui\resources\icons\sound_on.ico">
      <Filter>Resource Files</Filter>
    </Image>
    <Image Include="ui\resources\icons\SoundRemote.ico">
      <Filter>Resource Files</Filter>
    </Image>
  </ItemGroup>
</Project>